
Microsoft Visual Studio Solution File, Format Version 12.00
# Visual Studio Version 17
VisualStudioVersion = 17.9.34714.143
MinimumVisualStudioVersion = 10.0.40219.1
Project("{FAE04EC0-301F-11D3-BF4B-00C04F79EFBC}") = "CQRS", "CQRS\CQRS.csproj", "{5F5E350D-27AD-47E9-A807-A8059597377F}"
EndProject
Project("{9A19103F-16F7-4668-BE54-9A1E7A4F7556}") = "Results", "..\Result\Result\Results.csproj", "{C7E9BE3B-25C0-45BC-9255-70F4FB26B8EF}"
EndProject
Global
	GlobalSection(SolutionConfigurationPlatforms) = preSolution
		Debug|Any CPU = Debug|Any CPU
		Release|Any CPU = Release|Any CPU
	EndGlobalSection
	GlobalSection(ProjectConfigurationPlatforms) = postSolution
		{5F5E350D-27AD-47E9-A807-A8059597377F}.Debug|Any CPU.ActiveCfg = Debug|Any CPU
		{5F5E350D-27AD-47E9-A807-A8059597377F}.Debug|Any CPU.Build.0 = Debug|Any CPU
		{5F5E350D-27AD-47E9-A807-A8059597377F}.Release|Any CPU.ActiveCfg = Release|Any CPU
		{5F5E350D-27AD-47E9-A807-A8059597377F}.Release|Any CPU.Build.0 = Release|Any CPU
		{C7E9BE3B-25C0-45BC-9255-70F4FB26B8EF}.Debug|Any CPU.ActiveCfg = Debug|Any CPU
		{C7E9BE3B-25C0-45BC-9255-70F4FB26B8EF}.Debug|Any CPU.Build.0 = Debug|Any CPU
		{C7E9BE3B-25C0-45BC-9255-70F4FB26B8EF}.Release|Any CPU.ActiveCfg = Release|Any CPU
		{C7E9BE3B-25C0-45BC-9255-70F4FB26B8EF}.Release|Any CPU.Build.0 = Release|Any CPU
	EndGlobalSection
	GlobalSection(SolutionProperties) = preSolution
		HideSolutionNode = FALSE
	EndGlobalSection
	GlobalSection(ExtensibilityGlobals) = postSolution
		SolutionGuid = {0F25702D-78A1-4C3C-87C0-F538DEC2D19E}
	EndGlobalSection
EndGlobal
