
Microsoft Visual Studio Solution File, Format Version 12.00
# Visual Studio Version 17
VisualStudioVersion = 17.4.33205.214
MinimumVisualStudioVersion = 10.0.40219.1
Project("{9A19103F-16F7-4668-BE54-9A1E7A4F7556}") = "Chat", "Chat.Microservice\Chat\Chat.csproj", "{F2CA9449-6E90-4CB1-823B-B9686F91ABDF}"
EndProject
Project("{2150E333-8FDC-42A3-9474-1A3956D46DE8}") = "ProjectsContracts", "ProjectsContracts", "{515CC0A7-F117-4094-A54A-7E96E31FD9DA}"
EndProject
Project("{9A19103F-16F7-4668-BE54-9A1E7A4F7556}") = "Carsharing.Contracts", "SharedLibs\Carsharing.Contracts\Carsharing.Contracts.csproj", "{98FD3FC6-E251-4872-8077-BAC01B5D6C2F}"
EndProject
Project("{9A19103F-16F7-4668-BE54-9A1E7A4F7556}") = "Rest.API", "Main.Service\Rest.API\Rest.API.csproj", "{54D260E2-3792-40A0-91DC-1C18FBABCB07}"
EndProject
Project("{9A19103F-16F7-4668-BE54-9A1E7A4F7556}") = "GraphQL.API", "Main.Service\GraphQL.API\GraphQL.API.csproj", "{AF684EC6-9161-4DB3-9D9D-BA2A79CA3FD6}"
EndProject
Project("{2150E333-8FDC-42A3-9474-1A3956D46DE8}") = "MainService", "MainService", "{BCBE363A-527F-4354-99F5-B1AA496033F1}"
EndProject
Project("{9A19103F-16F7-4668-BE54-9A1E7A4F7556}") = "OccasionChatHistorySaver", "Main.Service\ChatConsumers\OccasionChatHistorySaver.csproj", "{6BDE63EE-330B-43CF-905F-A2297E8B89D5}"
EndProject
Project("{2150E333-8FDC-42A3-9474-1A3956D46DE8}") = "S3Service", "S3Service", "{59145A13-9B98-451A-927B-150F03A38BC9}"
EndProject
Project("{9A19103F-16F7-4668-BE54-9A1E7A4F7556}") = "S3.Microservice", "S3.Microservice\S3.Service\S3.Microservice.csproj", "{32506C71-B7A4-4840-B838-17695900B41E}"
EndProject
Project("{2150E333-8FDC-42A3-9474-1A3956D46DE8}") = "ChatService", "ChatService", "{C94F8580-9805-4BCE-A2FE-FD1A0288A366}"
EndProject
Project("{2150E333-8FDC-42A3-9474-1A3956D46DE8}") = "BalanceService", "BalanceService", "{E55F25A8-3124-44F0-BD0A-9F653AAFA89C}"
EndProject
Project("{9A19103F-16F7-4668-BE54-9A1E7A4F7556}") = "BalanceService", "Balance.Microservice\BalanceService\BalanceService.csproj", "{5157F128-CF3F-4897-AB00-730F547CCCFC}"
EndProject
Global
	GlobalSection(SolutionConfigurationPlatforms) = preSolution
		Debug|Any CPU = Debug|Any CPU
		Release|Any CPU = Release|Any CPU
	EndGlobalSection
	GlobalSection(ProjectConfigurationPlatforms) = postSolution
		{F2CA9449-6E90-4CB1-823B-B9686F91ABDF}.Debug|Any CPU.ActiveCfg = Debug|Any CPU
		{F2CA9449-6E90-4CB1-823B-B9686F91ABDF}.Debug|Any CPU.Build.0 = Debug|Any CPU
		{F2CA9449-6E90-4CB1-823B-B9686F91ABDF}.Release|Any CPU.ActiveCfg = Release|Any CPU
		{F2CA9449-6E90-4CB1-823B-B9686F91ABDF}.Release|Any CPU.Build.0 = Release|Any CPU
		{98FD3FC6-E251-4872-8077-BAC01B5D6C2F}.Debug|Any CPU.ActiveCfg = Debug|Any CPU
		{98FD3FC6-E251-4872-8077-BAC01B5D6C2F}.Debug|Any CPU.Build.0 = Debug|Any CPU
		{98FD3FC6-E251-4872-8077-BAC01B5D6C2F}.Release|Any CPU.ActiveCfg = Release|Any CPU
		{98FD3FC6-E251-4872-8077-BAC01B5D6C2F}.Release|Any CPU.Build.0 = Release|Any CPU
		{54D260E2-3792-40A0-91DC-1C18FBABCB07}.Debug|Any CPU.ActiveCfg = Debug|Any CPU
		{54D260E2-3792-40A0-91DC-1C18FBABCB07}.Debug|Any CPU.Build.0 = Debug|Any CPU
		{54D260E2-3792-40A0-91DC-1C18FBABCB07}.Release|Any CPU.ActiveCfg = Release|Any CPU
		{54D260E2-3792-40A0-91DC-1C18FBABCB07}.Release|Any CPU.Build.0 = Release|Any CPU
		{AF684EC6-9161-4DB3-9D9D-BA2A79CA3FD6}.Debug|Any CPU.ActiveCfg = Debug|Any CPU
		{AF684EC6-9161-4DB3-9D9D-BA2A79CA3FD6}.Debug|Any CPU.Build.0 = Debug|Any CPU
		{AF684EC6-9161-4DB3-9D9D-BA2A79CA3FD6}.Release|Any CPU.ActiveCfg = Release|Any CPU
		{AF684EC6-9161-4DB3-9D9D-BA2A79CA3FD6}.Release|Any CPU.Build.0 = Release|Any CPU
		{6BDE63EE-330B-43CF-905F-A2297E8B89D5}.Debug|Any CPU.ActiveCfg = Debug|Any CPU
		{6BDE63EE-330B-43CF-905F-A2297E8B89D5}.Debug|Any CPU.Build.0 = Debug|Any CPU
		{6BDE63EE-330B-43CF-905F-A2297E8B89D5}.Release|Any CPU.ActiveCfg = Release|Any CPU
		{6BDE63EE-330B-43CF-905F-A2297E8B89D5}.Release|Any CPU.Build.0 = Release|Any CPU
		{32506C71-B7A4-4840-B838-17695900B41E}.Debug|Any CPU.ActiveCfg = Debug|Any CPU
		{32506C71-B7A4-4840-B838-17695900B41E}.Debug|Any CPU.Build.0 = Debug|Any CPU
		{32506C71-B7A4-4840-B838-17695900B41E}.Release|Any CPU.ActiveCfg = Release|Any CPU
		{32506C71-B7A4-4840-B838-17695900B41E}.Release|Any CPU.Build.0 = Release|Any CPU
		{5157F128-CF3F-4897-AB00-730F547CCCFC}.Debug|Any CPU.ActiveCfg = Debug|Any CPU
		{5157F128-CF3F-4897-AB00-730F547CCCFC}.Debug|Any CPU.Build.0 = Debug|Any CPU
		{5157F128-CF3F-4897-AB00-730F547CCCFC}.Release|Any CPU.ActiveCfg = Release|Any CPU
		{5157F128-CF3F-4897-AB00-730F547CCCFC}.Release|Any CPU.Build.0 = Release|Any CPU
	EndGlobalSection
	GlobalSection(SolutionProperties) = preSolution
		HideSolutionNode = FALSE
	EndGlobalSection
	GlobalSection(NestedProjects) = preSolution
		{F2CA9449-6E90-4CB1-823B-B9686F91ABDF} = {C94F8580-9805-4BCE-A2FE-FD1A0288A366}
		{98FD3FC6-E251-4872-8077-BAC01B5D6C2F} = {515CC0A7-F117-4094-A54A-7E96E31FD9DA}
		{54D260E2-3792-40A0-91DC-1C18FBABCB07} = {BCBE363A-527F-4354-99F5-B1AA496033F1}
		{AF684EC6-9161-4DB3-9D9D-BA2A79CA3FD6} = {BCBE363A-527F-4354-99F5-B1AA496033F1}
		{6BDE63EE-330B-43CF-905F-A2297E8B89D5} = {BCBE363A-527F-4354-99F5-B1AA496033F1}
		{32506C71-B7A4-4840-B838-17695900B41E} = {59145A13-9B98-451A-927B-150F03A38BC9}
		{5157F128-CF3F-4897-AB00-730F547CCCFC} = {E55F25A8-3124-44F0-BD0A-9F653AAFA89C}
	EndGlobalSection
	GlobalSection(ExtensibilityGlobals) = postSolution
		SolutionGuid = {303474C9-974B-4202-838F-6E6DEA8D4F96}
	EndGlobalSection
EndGlobal
