
Microsoft Visual Studio Solution File, Format Version 12.00
# Visual Studio Version 17
VisualStudioVersion = 17.9.34714.143
MinimumVisualStudioVersion = 10.0.40219.1
Project("{9A19103F-16F7-4668-BE54-9A1E7A4F7556}") = "Rest.API", "Rest.API\Rest.API.csproj", "{98605B32-3703-4F54-906E-28416FA2609A}"
EndProject
Project("{2150E333-8FDC-42A3-9474-1A3956D46DE8}") = "Infrastructure", "Infrastructure", "{CDF2D26A-F58B-4519-BE25-DEF5D861485E}"
EndProject
Project("{2150E333-8FDC-42A3-9474-1A3956D46DE8}") = "Core", "Core", "{A39AE28F-9D34-4BEB-B658-164A052D17C3}"
EndProject
Project("{9A19103F-16F7-4668-BE54-9A1E7A4F7556}") = "Clients", "Infrastructure\Clients\Clients.csproj", "{FDB06BA2-86DA-4702-8744-422CC95921DC}"
EndProject
Project("{9A19103F-16F7-4668-BE54-9A1E7A4F7556}") = "Migrations", "Infrastructure\Migrations\Migrations.csproj", "{434F17A3-8C37-4990-B59C-3B470EE5E4BE}"
EndProject
Project("{9A19103F-16F7-4668-BE54-9A1E7A4F7556}") = "Persistence", "Infrastructure\Persistence\Persistence.csproj", "{531DF76A-BF34-472E-BD48-ED3CC72F40D8}"
EndProject
Project("{9A19103F-16F7-4668-BE54-9A1E7A4F7556}") = "Domain", "Core\Domain\Domain.csproj", "{22CE80A7-BD1B-4776-9CC9-5EF3049F58C9}"
EndProject
Project("{9A19103F-16F7-4668-BE54-9A1E7A4F7556}") = "Contracts", "Core\Contracts\Contracts.csproj", "{E5952558-C349-4145-A8CD-C1E5E29C0E7B}"
EndProject
Project("{9A19103F-16F7-4668-BE54-9A1E7A4F7556}") = "Features", "Core\Features\Features.csproj", "{D60C1D54-90FA-4F6B-85CC-D2125879B3F4}"
EndProject
Project("{9A19103F-16F7-4668-BE54-9A1E7A4F7556}") = "GraphQL.API", "GraphQL.API\GraphQL.API.csproj", "{E2E629A0-BBAE-40E1-8FF5-3654CBCD0982}"
EndProject
Project("{9A19103F-16F7-4668-BE54-9A1E7A4F7556}") = "Main.Service.Worker", "ChatConsumers\Main.Service.Worker.csproj", "{4CD67074-C47A-4173-9A1F-6C8F20641A92}"
EndProject
Project("{2150E333-8FDC-42A3-9474-1A3956D46DE8}") = "SharedLibs", "SharedLibs", "{CFAABA5B-E9F3-45B4-9DBC-EB8169B6E1E5}"
EndProject
Project("{9A19103F-16F7-4668-BE54-9A1E7A4F7556}") = "Carsharing.Contracts", "..\SharedLibs\Carsharing.Contracts\Carsharing.Contracts.csproj", "{4C32C629-0B19-41F4-B2BC-7BB839CD59D8}"
EndProject
Project("{9A19103F-16F7-4668-BE54-9A1E7A4F7556}") = "Services", "Core\Services\Services.csproj", "{425AB75D-5F7C-4B27-8732-A200CAB3061A}"
EndProject
Project("{9A19103F-16F7-4668-BE54-9A1E7A4F7556}") = "ApiExtensions", "Infrastructure\ApiExtenssions\ApiExtensions.csproj", "{E744A9DB-524D-47C3-AE06-A4940DBFD584}"
EndProject
Project("{9A19103F-16F7-4668-BE54-9A1E7A4F7556}") = "CQRS", "..\SharedLibs\CQRS\CQRS\CQRS.csproj", "{72EDA33F-B553-4F22-8ABC-3F97B68B4B4F}"
EndProject
Project("{9A19103F-16F7-4668-BE54-9A1E7A4F7556}") = "CommonExtensions", "..\SharedLibs\CommonExtensions\CommonExtensions\CommonExtensions.csproj", "{9F9F252E-23E6-4FE4-AEDC-E9802F5C2790}"
EndProject
Project("{9A19103F-16F7-4668-BE54-9A1E7A4F7556}") = "Results", "..\SharedLibs\Result\Result\Results.csproj", "{8E84D732-6CC5-4368-B135-713CF237A994}"
EndProject
Global
	GlobalSection(SolutionConfigurationPlatforms) = preSolution
		Debug|Any CPU = Debug|Any CPU
		Release|Any CPU = Release|Any CPU
	EndGlobalSection
	GlobalSection(ProjectConfigurationPlatforms) = postSolution
		{98605B32-3703-4F54-906E-28416FA2609A}.Debug|Any CPU.ActiveCfg = Debug|Any CPU
		{98605B32-3703-4F54-906E-28416FA2609A}.Debug|Any CPU.Build.0 = Debug|Any CPU
		{98605B32-3703-4F54-906E-28416FA2609A}.Release|Any CPU.ActiveCfg = Release|Any CPU
		{98605B32-3703-4F54-906E-28416FA2609A}.Release|Any CPU.Build.0 = Release|Any CPU
		{FDB06BA2-86DA-4702-8744-422CC95921DC}.Debug|Any CPU.ActiveCfg = Debug|Any CPU
		{FDB06BA2-86DA-4702-8744-422CC95921DC}.Debug|Any CPU.Build.0 = Debug|Any CPU
		{FDB06BA2-86DA-4702-8744-422CC95921DC}.Release|Any CPU.ActiveCfg = Release|Any CPU
		{FDB06BA2-86DA-4702-8744-422CC95921DC}.Release|Any CPU.Build.0 = Release|Any CPU
		{434F17A3-8C37-4990-B59C-3B470EE5E4BE}.Debug|Any CPU.ActiveCfg = Debug|Any CPU
		{434F17A3-8C37-4990-B59C-3B470EE5E4BE}.Debug|Any CPU.Build.0 = Debug|Any CPU
		{434F17A3-8C37-4990-B59C-3B470EE5E4BE}.Release|Any CPU.ActiveCfg = Release|Any CPU
		{434F17A3-8C37-4990-B59C-3B470EE5E4BE}.Release|Any CPU.Build.0 = Release|Any CPU
		{531DF76A-BF34-472E-BD48-ED3CC72F40D8}.Debug|Any CPU.ActiveCfg = Debug|Any CPU
		{531DF76A-BF34-472E-BD48-ED3CC72F40D8}.Debug|Any CPU.Build.0 = Debug|Any CPU
		{531DF76A-BF34-472E-BD48-ED3CC72F40D8}.Release|Any CPU.ActiveCfg = Release|Any CPU
		{531DF76A-BF34-472E-BD48-ED3CC72F40D8}.Release|Any CPU.Build.0 = Release|Any CPU
		{22CE80A7-BD1B-4776-9CC9-5EF3049F58C9}.Debug|Any CPU.ActiveCfg = Debug|Any CPU
		{22CE80A7-BD1B-4776-9CC9-5EF3049F58C9}.Debug|Any CPU.Build.0 = Debug|Any CPU
		{22CE80A7-BD1B-4776-9CC9-5EF3049F58C9}.Release|Any CPU.ActiveCfg = Release|Any CPU
		{22CE80A7-BD1B-4776-9CC9-5EF3049F58C9}.Release|Any CPU.Build.0 = Release|Any CPU
		{E5952558-C349-4145-A8CD-C1E5E29C0E7B}.Debug|Any CPU.ActiveCfg = Debug|Any CPU
		{E5952558-C349-4145-A8CD-C1E5E29C0E7B}.Debug|Any CPU.Build.0 = Debug|Any CPU
		{E5952558-C349-4145-A8CD-C1E5E29C0E7B}.Release|Any CPU.ActiveCfg = Release|Any CPU
		{E5952558-C349-4145-A8CD-C1E5E29C0E7B}.Release|Any CPU.Build.0 = Release|Any CPU
		{D60C1D54-90FA-4F6B-85CC-D2125879B3F4}.Debug|Any CPU.ActiveCfg = Debug|Any CPU
		{D60C1D54-90FA-4F6B-85CC-D2125879B3F4}.Debug|Any CPU.Build.0 = Debug|Any CPU
		{D60C1D54-90FA-4F6B-85CC-D2125879B3F4}.Release|Any CPU.ActiveCfg = Release|Any CPU
		{D60C1D54-90FA-4F6B-85CC-D2125879B3F4}.Release|Any CPU.Build.0 = Release|Any CPU
		{E2E629A0-BBAE-40E1-8FF5-3654CBCD0982}.Debug|Any CPU.ActiveCfg = Debug|Any CPU
		{E2E629A0-BBAE-40E1-8FF5-3654CBCD0982}.Debug|Any CPU.Build.0 = Debug|Any CPU
		{E2E629A0-BBAE-40E1-8FF5-3654CBCD0982}.Release|Any CPU.ActiveCfg = Release|Any CPU
		{E2E629A0-BBAE-40E1-8FF5-3654CBCD0982}.Release|Any CPU.Build.0 = Release|Any CPU
		{4CD67074-C47A-4173-9A1F-6C8F20641A92}.Debug|Any CPU.ActiveCfg = Debug|Any CPU
		{4CD67074-C47A-4173-9A1F-6C8F20641A92}.Debug|Any CPU.Build.0 = Debug|Any CPU
		{4CD67074-C47A-4173-9A1F-6C8F20641A92}.Release|Any CPU.ActiveCfg = Release|Any CPU
		{4CD67074-C47A-4173-9A1F-6C8F20641A92}.Release|Any CPU.Build.0 = Release|Any CPU
		{4C32C629-0B19-41F4-B2BC-7BB839CD59D8}.Debug|Any CPU.ActiveCfg = Debug|Any CPU
		{4C32C629-0B19-41F4-B2BC-7BB839CD59D8}.Debug|Any CPU.Build.0 = Debug|Any CPU
		{4C32C629-0B19-41F4-B2BC-7BB839CD59D8}.Release|Any CPU.ActiveCfg = Release|Any CPU
		{4C32C629-0B19-41F4-B2BC-7BB839CD59D8}.Release|Any CPU.Build.0 = Release|Any CPU
		{425AB75D-5F7C-4B27-8732-A200CAB3061A}.Debug|Any CPU.ActiveCfg = Debug|Any CPU
		{425AB75D-5F7C-4B27-8732-A200CAB3061A}.Debug|Any CPU.Build.0 = Debug|Any CPU
		{425AB75D-5F7C-4B27-8732-A200CAB3061A}.Release|Any CPU.ActiveCfg = Release|Any CPU
		{425AB75D-5F7C-4B27-8732-A200CAB3061A}.Release|Any CPU.Build.0 = Release|Any CPU
		{E744A9DB-524D-47C3-AE06-A4940DBFD584}.Debug|Any CPU.ActiveCfg = Debug|Any CPU
		{E744A9DB-524D-47C3-AE06-A4940DBFD584}.Debug|Any CPU.Build.0 = Debug|Any CPU
		{E744A9DB-524D-47C3-AE06-A4940DBFD584}.Release|Any CPU.ActiveCfg = Release|Any CPU
		{E744A9DB-524D-47C3-AE06-A4940DBFD584}.Release|Any CPU.Build.0 = Release|Any CPU
		{72EDA33F-B553-4F22-8ABC-3F97B68B4B4F}.Debug|Any CPU.ActiveCfg = Debug|Any CPU
		{72EDA33F-B553-4F22-8ABC-3F97B68B4B4F}.Debug|Any CPU.Build.0 = Debug|Any CPU
		{72EDA33F-B553-4F22-8ABC-3F97B68B4B4F}.Release|Any CPU.ActiveCfg = Release|Any CPU
		{72EDA33F-B553-4F22-8ABC-3F97B68B4B4F}.Release|Any CPU.Build.0 = Release|Any CPU
		{9F9F252E-23E6-4FE4-AEDC-E9802F5C2790}.Debug|Any CPU.ActiveCfg = Debug|Any CPU
		{9F9F252E-23E6-4FE4-AEDC-E9802F5C2790}.Debug|Any CPU.Build.0 = Debug|Any CPU
		{9F9F252E-23E6-4FE4-AEDC-E9802F5C2790}.Release|Any CPU.ActiveCfg = Release|Any CPU
		{9F9F252E-23E6-4FE4-AEDC-E9802F5C2790}.Release|Any CPU.Build.0 = Release|Any CPU
		{8E84D732-6CC5-4368-B135-713CF237A994}.Debug|Any CPU.ActiveCfg = Debug|Any CPU
		{8E84D732-6CC5-4368-B135-713CF237A994}.Debug|Any CPU.Build.0 = Debug|Any CPU
		{8E84D732-6CC5-4368-B135-713CF237A994}.Release|Any CPU.ActiveCfg = Release|Any CPU
		{8E84D732-6CC5-4368-B135-713CF237A994}.Release|Any CPU.Build.0 = Release|Any CPU
	EndGlobalSection
	GlobalSection(SolutionProperties) = preSolution
		HideSolutionNode = FALSE
	EndGlobalSection
	GlobalSection(NestedProjects) = preSolution
		{FDB06BA2-86DA-4702-8744-422CC95921DC} = {CDF2D26A-F58B-4519-BE25-DEF5D861485E}
		{434F17A3-8C37-4990-B59C-3B470EE5E4BE} = {CDF2D26A-F58B-4519-BE25-DEF5D861485E}
		{531DF76A-BF34-472E-BD48-ED3CC72F40D8} = {CDF2D26A-F58B-4519-BE25-DEF5D861485E}
		{22CE80A7-BD1B-4776-9CC9-5EF3049F58C9} = {A39AE28F-9D34-4BEB-B658-164A052D17C3}
		{E5952558-C349-4145-A8CD-C1E5E29C0E7B} = {A39AE28F-9D34-4BEB-B658-164A052D17C3}
		{D60C1D54-90FA-4F6B-85CC-D2125879B3F4} = {A39AE28F-9D34-4BEB-B658-164A052D17C3}
		{4C32C629-0B19-41F4-B2BC-7BB839CD59D8} = {CFAABA5B-E9F3-45B4-9DBC-EB8169B6E1E5}
		{425AB75D-5F7C-4B27-8732-A200CAB3061A} = {A39AE28F-9D34-4BEB-B658-164A052D17C3}
		{E744A9DB-524D-47C3-AE06-A4940DBFD584} = {CDF2D26A-F58B-4519-BE25-DEF5D861485E}
		{72EDA33F-B553-4F22-8ABC-3F97B68B4B4F} = {CFAABA5B-E9F3-45B4-9DBC-EB8169B6E1E5}
		{9F9F252E-23E6-4FE4-AEDC-E9802F5C2790} = {CFAABA5B-E9F3-45B4-9DBC-EB8169B6E1E5}
		{8E84D732-6CC5-4368-B135-713CF237A994} = {CFAABA5B-E9F3-45B4-9DBC-EB8169B6E1E5}
	EndGlobalSection
	GlobalSection(ExtensibilityGlobals) = postSolution
		SolutionGuid = {9FAC228D-137C-41C5-B984-4C2FB46C27B2}
	EndGlobalSection
EndGlobal
